Microsoft Visual Studio Solution File, Format Version 12.00
# Visual Studio Version 17
VisualStudioVersion = 17.5.2.0
MinimumVisualStudioVersion = 10.0.40219.1
Project("{FAE04EC0-301F-11D3-BF4B-00C04F79EFBC}") = "ReferenceDataApi", "ReferenceDataApi\ReferenceDataApi.csproj", "{75B41C00-5019-0F6E-6C30-69F5CE3ECF90}"
EndProject
Global
	GlobalSection(SolutionConfigurationPlatforms) = preSolution
		Debug|Any CPU = Debug|Any CPU
		Release|Any CPU = Release|Any CPU
	EndGlobalSection
	GlobalSection(ProjectConfigurationPlatforms) = postSolution
		{75B41C00-5019-0F6E-6C30-69F5CE3ECF90}.Debug|Any CPU.ActiveCfg = Debug|Any CPU
		{75B41C00-5019-0F6E-6C30-69F5CE3ECF90}.Debug|Any CPU.Build.0 = Debug|Any CPU
		{75B41C00-5019-0F6E-6C30-69F5CE3ECF90}.Release|Any CPU.ActiveCfg = Release|Any CPU
		{75B41C00-5019-0F6E-6C30-69F5CE3ECF90}.Release|Any CPU.Build.0 = Release|Any CPU
	EndGlobalSection
	GlobalSection(SolutionProperties) = preSolution
		HideSolutionNode = FALSE
	EndGlobalSection
	GlobalSection(ExtensibilityGlobals) = postSolution
		SolutionGuid = {8D85931F-7C45-4EE5-81CA-A8139DFBA9CC}
	EndGlobalSection
EndGlobal
