
Microsoft Visual Studio Solution File, Format Version 12.00
# Visual Studio Version 17
VisualStudioVersion = 17.5.2.0
MinimumVisualStudioVersion = 10.0.40219.1
Project("{FAE04EC0-301F-11D3-BF4B-00C04F79EFBC}") = "ReferenceDataApi", "ReferenceDataApi\ReferenceDataApi.csproj", "{75B41C00-5019-0F6E-6C30-69F5CE3ECF90}"
EndProject
Project("{2150E333-8FDC-42A3-9474-1A3956D46DE8}") = "tests", "tests", "{0AB3BF05-4346-4AA6-1389-037BE0695223}"
EndProject
Project("{FAE04EC0-301F-11D3-BF4B-00C04F79EFBC}") = "ReferenceDataApi.UnitTests", "tests\ReferenceDataApi.UnitTests\ReferenceDataApi.UnitTests.csproj", "{097152D2-74C6-4BBB-8A1D-20307B31D3D1}"
EndProject
Project("{FAE04EC0-301F-11D3-BF4B-00C04F79EFBC}") = "ReferenceDataApi.IntegrationTests", "tests\ReferenceDataApi.IntegrationTests\ReferenceDataApi.IntegrationTests.csproj", "{B51E47F2-0A24-434F-B3A4-FFB946EFE9AA}"
EndProject
Global
	GlobalSection(SolutionConfigurationPlatforms) = preSolution
		Debug|Any CPU = Debug|Any CPU
		Debug|x64 = Debug|x64
		Debug|x86 = Debug|x86
		Release|Any CPU = Release|Any CPU
		Release|x64 = Release|x64
		Release|x86 = Release|x86
	EndGlobalSection
	GlobalSection(ProjectConfigurationPlatforms) = postSolution
		{75B41C00-5019-0F6E-6C30-69F5CE3ECF90}.Debug|Any CPU.ActiveCfg = Debug|Any CPU
		{75B41C00-5019-0F6E-6C30-69F5CE3ECF90}.Debug|Any CPU.Build.0 = Debug|Any CPU
		{75B41C00-5019-0F6E-6C30-69F5CE3ECF90}.Debug|x64.ActiveCfg = Debug|Any CPU
		{75B41C00-5019-0F6E-6C30-69F5CE3ECF90}.Debug|x64.Build.0 = Debug|Any CPU
		{75B41C00-5019-0F6E-6C30-69F5CE3ECF90}.Debug|x86.ActiveCfg = Debug|Any CPU
		{75B41C00-5019-0F6E-6C30-69F5CE3ECF90}.Debug|x86.Build.0 = Debug|Any CPU
		{75B41C00-5019-0F6E-6C30-69F5CE3ECF90}.Release|Any CPU.ActiveCfg = Release|Any CPU
		{75B41C00-5019-0F6E-6C30-69F5CE3ECF90}.Release|Any CPU.Build.0 = Release|Any CPU
		{75B41C00-5019-0F6E-6C30-69F5CE3ECF90}.Release|x64.ActiveCfg = Release|Any CPU
		{75B41C00-5019-0F6E-6C30-69F5CE3ECF90}.Release|x64.Build.0 = Release|Any CPU
		{75B41C00-5019-0F6E-6C30-69F5CE3ECF90}.Release|x86.ActiveCfg = Release|Any CPU
		{75B41C00-5019-0F6E-6C30-69F5CE3ECF90}.Release|x86.Build.0 = Release|Any CPU
		{097152D2-74C6-4BBB-8A1D-20307B31D3D1}.Debug|Any CPU.ActiveCfg = Debug|Any CPU
		{097152D2-74C6-4BBB-8A1D-20307B31D3D1}.Debug|Any CPU.Build.0 = Debug|Any CPU
		{097152D2-74C6-4BBB-8A1D-20307B31D3D1}.Debug|x64.ActiveCfg = Debug|Any CPU
		{097152D2-74C6-4BBB-8A1D-20307B31D3D1}.Debug|x64.Build.0 = Debug|Any CPU
		{097152D2-74C6-4BBB-8A1D-20307B31D3D1}.Debug|x86.ActiveCfg = Debug|Any CPU
		{097152D2-74C6-4BBB-8A1D-20307B31D3D1}.Debug|x86.Build.0 = Debug|Any CPU
		{097152D2-74C6-4BBB-8A1D-20307B31D3D1}.Release|Any CPU.ActiveCfg = Release|Any CPU
		{097152D2-74C6-4BBB-8A1D-20307B31D3D1}.Release|Any CPU.Build.0 = Release|Any CPU
		{097152D2-74C6-4BBB-8A1D-20307B31D3D1}.Release|x64.ActiveCfg = Release|Any CPU
		{097152D2-74C6-4BBB-8A1D-20307B31D3D1}.Release|x64.Build.0 = Release|Any CPU
		{097152D2-74C6-4BBB-8A1D-20307B31D3D1}.Release|x86.ActiveCfg = Release|Any CPU
		{097152D2-74C6-4BBB-8A1D-20307B31D3D1}.Release|x86.Build.0 = Release|Any CPU
		{B51E47F2-0A24-434F-B3A4-FFB946EFE9AA}.Debug|Any CPU.ActiveCfg = Debug|Any CPU
		{B51E47F2-0A24-434F-B3A4-FFB946EFE9AA}.Debug|Any CPU.Build.0 = Debug|Any CPU
		{B51E47F2-0A24-434F-B3A4-FFB946EFE9AA}.Debug|x64.ActiveCfg = Debug|Any CPU
		{B51E47F2-0A24-434F-B3A4-FFB946EFE9AA}.Debug|x64.Build.0 = Debug|Any CPU
		{B51E47F2-0A24-434F-B3A4-FFB946EFE9AA}.Debug|x86.ActiveCfg = Debug|Any CPU
		{B51E47F2-0A24-434F-B3A4-FFB946EFE9AA}.Debug|x86.Build.0 = Debug|Any CPU
		{B51E47F2-0A24-434F-B3A4-FFB946EFE9AA}.Release|Any CPU.ActiveCfg = Release|Any CPU
		{B51E47F2-0A24-434F-B3A4-FFB946EFE9AA}.Release|Any CPU.Build.0 = Release|Any CPU
		{B51E47F2-0A24-434F-B3A4-FFB946EFE9AA}.Release|x64.ActiveCfg = Release|Any CPU
		{B51E47F2-0A24-434F-B3A4-FFB946EFE9AA}.Release|x64.Build.0 = Release|Any CPU
		{B51E47F2-0A24-434F-B3A4-FFB946EFE9AA}.Release|x86.ActiveCfg = Release|Any CPU
		{B51E47F2-0A24-434F-B3A4-FFB946EFE9AA}.Release|x86.Build.0 = Release|Any CPU
	EndGlobalSection
	GlobalSection(SolutionProperties) = preSolution
		HideSolutionNode = FALSE
	EndGlobalSection
	GlobalSection(NestedProjects) = preSolution
		{097152D2-74C6-4BBB-8A1D-20307B31D3D1} = {0AB3BF05-4346-4AA6-1389-037BE0695223}
		{B51E47F2-0A24-434F-B3A4-FFB946EFE9AA} = {0AB3BF05-4346-4AA6-1389-037BE0695223}
	EndGlobalSection
	GlobalSection(ExtensibilityGlobals) = postSolution
		SolutionGuid = {8D85931F-7C45-4EE5-81CA-A8139DFBA9CC}
	EndGlobalSection
EndGlobal
